
Microsoft Visual Studio Solution File, Format Version 10.00
# Visual Basic Express 2008
Project("{F184B08F-C81C-45F6-A57F-5ABD9991F28F}") = "Durom3D", "Durom3D\Durom3D.vbproj", "{CC0BCBEA-AE7B-49A2-9949-6168613D2234}"
EndProject
Global
	GlobalSection(SolutionConfigurationPlatforms) = preSolution
		Debug|Any CPU = Debug|Any CPU
		Release|Any CPU = Release|Any CPU
	EndGlobalSection
	GlobalSection(ProjectConfigurationPlatforms) = postSolution
		{CC0BCBEA-AE7B-49A2-9949-6168613D2234}.Debug|Any CPU.ActiveCfg = Debug|Any CPU
		{CC0BCBEA-AE7B-49A2-9949-6168613D2234}.Debug|Any CPU.Build.0 = Debug|Any CPU
		{CC0BCBEA-AE7B-49A2-9949-6168613D2234}.Release|Any CPU.ActiveCfg = Release|Any CPU
		{CC0BCBEA-AE7B-49A2-9949-6168613D2234}.Release|Any CPU.Build.0 = Release|Any CPU
	EndGlobalSection
	GlobalSection(SolutionProperties) = preSolution
		HideSolutionNode = FALSE
	EndGlobalSection
EndGlobal
